// !$*UTF8*$!
{
	archiveVersion = 1;
	classes = {
	};
	objectVersion = 46;
	objects = {

/* Begin PBXBuildFile section */
		083D137C1F650214C1E44839 /* Pods_socheck.framework in Frameworks */ = {isa = PBXBuildFile; fileRef = 7304A512E9017CCC8EB7A18B /* Pods_socheck.framework */; };
		A724A5581C9D1CB300FEEABC /* BWSearchViewController.m in Sources */ = {isa = PBXBuildFile; fileRef = A724A5571C9D1CB300FEEABC /* BWSearchViewController.m */; };
		A724A55A1C9D1DC300FEEABC /* BWSearchViewController.storyboard in Resources */ = {isa = PBXBuildFile; fileRef = A724A5591C9D1DC300FEEABC /* BWSearchViewController.storyboard */; };
		A724A55D1C9D1FD900FEEABC /* BWSearchCell.m in Sources */ = {isa = PBXBuildFile; fileRef = A724A55C1C9D1FD900FEEABC /* BWSearchCell.m */; };
		A724A5601C9D296100FEEABC /* EVLogger.m in Sources */ = {isa = PBXBuildFile; fileRef = A724A55F1C9D296100FEEABC /* EVLogger.m */; };
		A724A5661C9D47DE00FEEABC /* BWCreatorViewController.storyboard in Resources */ = {isa = PBXBuildFile; fileRef = A724A5651C9D47DE00FEEABC /* BWCreatorViewController.storyboard */; };
		A724A5691C9D47F600FEEABC /* BWCreatorViewController.m in Sources */ = {isa = PBXBuildFile; fileRef = A724A5681C9D47F600FEEABC /* BWCreatorViewController.m */; };
		A724A56B1C9D665A00FEEABC /* BWUserSocheckCell.xib in Resources */ = {isa = PBXBuildFile; fileRef = A724A56A1C9D665A00FEEABC /* BWUserSocheckCell.xib */; };
		A724A56E1C9D6EF100FEEABC /* BWChecklist.m in Sources */ = {isa = PBXBuildFile; fileRef = A724A56D1C9D6EF100FEEABC /* BWChecklist.m */; };
		A724A5721C9D8EE500FEEABC /* BWResultViewController.m in Sources */ = {isa = PBXBuildFile; fileRef = A724A5711C9D8EE500FEEABC /* BWResultViewController.m */; };
		A724A5741C9D8EF300FEEABC /* BWResultViewController.storyboard in Resources */ = {isa = PBXBuildFile; fileRef = A724A5731C9D8EF300FEEABC /* BWResultViewController.storyboard */; };
		A724A5781C9D9B2300FEEABC /* BWChecklistViewController.m in Sources */ = {isa = PBXBuildFile; fileRef = A724A5771C9D9B2300FEEABC /* BWChecklistViewController.m */; };
		A724A57A1C9D9B4500FEEABC /* BWChecklistViewController.storyboard in Resources */ = {isa = PBXBuildFile; fileRef = A724A5791C9D9B4500FEEABC /* BWChecklistViewController.storyboard */; };
		A77217191C9CD06C00CFB126 /* BWUser.m in Sources */ = {isa = PBXBuildFile; fileRef = A77217181C9CD06C00CFB126 /* BWUser.m */; };
		A772171D1C9CD53400CFB126 /* BWPageViewController.m in Sources */ = {isa = PBXBuildFile; fileRef = A772171C1C9CD53400CFB126 /* BWPageViewController.m */; };
		A772171F1C9CD54300CFB126 /* BWPageViewController.storyboard in Resources */ = {isa = PBXBuildFile; fileRef = A772171E1C9CD54300CFB126 /* BWPageViewController.storyboard */; };
		A77217231C9CD97400CFB126 /* BWAPIClient.m in Sources */ = {isa = PBXBuildFile; fileRef = A77217221C9CD97400CFB126 /* BWAPIClient.m */; };
		A77217271C9D0A4800CFB126 /* BWUserSochecksViewController.m in Sources */ = {isa = PBXBuildFile; fileRef = A77217261C9D0A4800CFB126 /* BWUserSochecksViewController.m */; };
		A77217291C9D0A5700CFB126 /* BWUserSochecksViewController.storyboard in Resources */ = {isa = PBXBuildFile; fileRef = A77217281C9D0A5700CFB126 /* BWUserSochecksViewController.storyboard */; };
		A772172C1C9D0B8A00CFB126 /* BWUserSocheckCell.m in Sources */ = {isa = PBXBuildFile; fileRef = A772172B1C9D0B8A00CFB126 /* BWUserSocheckCell.m */; };
		A7D3D2461C9CA8020025923E /* main.m in Sources */ = {isa = PBXBuildFile; fileRef = A7D3D2451C9CA8020025923E /* main.m */; };
		A7D3D2491C9CA8020025923E /* AppDelegate.m in Sources */ = {isa = PBXBuildFile; fileRef = A7D3D2481C9CA8020025923E /* AppDelegate.m */; };
		A7D3D2511C9CA8030025923E /* Assets.xcassets in Resources */ = {isa = PBXBuildFile; fileRef = A7D3D2501C9CA8030025923E /* Assets.xcassets */; };
		A7D3D2541C9CA8030025923E /* LaunchScreen.storyboard in Resources */ = {isa = PBXBuildFile; fileRef = A7D3D2521C9CA8030025923E /* LaunchScreen.storyboard */; };
		A7D3D25E1C9CA9290025923E /* BWLoginViewController.m in Sources */ = {isa = PBXBuildFile; fileRef = A7D3D25D1C9CA9290025923E /* BWLoginViewController.m */; };
		A7D3D2601C9CA9370025923E /* BWLoginViewController.storyboard in Resources */ = {isa = PBXBuildFile; fileRef = A7D3D25F1C9CA9370025923E /* BWLoginViewController.storyboard */; };
		A7D3D2641C9CAEF90025923E /* UIColor+BWSocheckColors.m in Sources */ = {isa = PBXBuildFile; fileRef = A7D3D2631C9CAEF90025923E /* UIColor+BWSocheckColors.m */; };
		A7D3D2691C9CC2F80025923E /* BWRegisterViewController.m in Sources */ = {isa = PBXBuildFile; fileRef = A7D3D2681C9CC2F80025923E /* BWRegisterViewController.m */; };
		A7D3D26B1C9CC3110025923E /* BWRegisterViewController.storyboard in Resources */ = {isa = PBXBuildFile; fileRef = A7D3D26A1C9CC3110025923E /* BWRegisterViewController.storyboard */; };
/* End PBXBuildFile section */

/* Begin PBXFileReference section */
		713DF1884D5282CEFA1989E9 /* Pods-socheck.release.xcconfig */ = {isa = PBXFileReference; includeInIndex = 1; lastKnownFileType = text.xcconfig; name = "Pods-socheck.release.xcconfig"; path = "Pods/Target Support Files/Pods-socheck/Pods-socheck.release.xcconfig"; sourceTree = "<group>"; };
		7304A512E9017CCC8EB7A18B /* Pods_socheck.framework */ = {isa = PBXFileReference; explicitFileType = wrapper.framework; includeInIndex = 0; path = Pods_socheck.framework; sourceTree = BUILT_PRODUCTS_DIR; };
		A724A5561C9D1CB300FEEABC /* BWSearchViewController.h */ = {isa = PBXFileReference; fileEncoding = 4; lastKnownFileType = sourcecode.c.h; name = BWSearchViewController.h; path = viewcontrollers/search/BWSearchViewController.h; sourceTree = "<group>"; };
		A724A5571C9D1CB300FEEABC /* BWSearchViewController.m */ = {isa = PBXFileReference; fileEncoding = 4; lastKnownFileType = sourcecode.c.objc; name = BWSearchViewController.m; path = viewcontrollers/search/BWSearchViewController.m; sourceTree = "<group>"; };
		A724A5591C9D1DC300FEEABC /* BWSearchViewController.storyboard */ = {isa = PBXFileReference; fileEncoding = 4; lastKnownFileType = file.storyboard; name = BWSearchViewController.storyboard; path = viewcontrollers/search/BWSearchViewController.storyboard; sourceTree = "<group>"; };
		A724A55B1C9D1FD900FEEABC /* BWSearchCell.h */ = {isa = PBXFileReference; fileEncoding = 4; lastKnownFileType = sourcecode.c.h; name = BWSearchCell.h; path = viewcontrollers/search/BWSearchCell.h; sourceTree = "<group>"; };
		A724A55C1C9D1FD900FEEABC /* BWSearchCell.m */ = {isa = PBXFileReference; fileEncoding = 4; lastKnownFileType = sourcecode.c.objc; name = BWSearchCell.m; path = viewcontrollers/search/BWSearchCell.m; sourceTree = "<group>"; };
		A724A55E1C9D296100FEEABC /* EVLogger.h */ = {isa = PBXFileReference; fileEncoding = 4; lastKnownFileType = sourcecode.c.h; path = EVLogger.h; sourceTree = "<group>"; };
		A724A55F1C9D296100FEEABC /* EVLogger.m */ = {isa = PBXFileReference; fileEncoding = 4; lastKnownFileType = sourcecode.c.objc; path = EVLogger.m; sourceTree = "<group>"; };
		A724A5651C9D47DE00FEEABC /* BWCreatorViewController.storyboard */ = {isa = PBXFileReference; fileEncoding = 4; lastKnownFileType = file.storyboard; name = BWCreatorViewController.storyboard; path = viewcontrollers/creator/BWCreatorViewController.storyboard; sourceTree = "<group>"; };
		A724A5671C9D47F600FEEABC /* BWCreatorViewController.h */ = {isa = PBXFileReference; fileEncoding = 4; lastKnownFileType = sourcecode.c.h; name = BWCreatorViewController.h; path = viewcontrollers/creator/BWCreatorViewController.h; sourceTree = "<group>"; };
		A724A5681C9D47F600FEEABC /* BWCreatorViewController.m */ = {isa = PBXFileReference; fileEncoding = 4; lastKnownFileType = sourcecode.c.objc; name = BWCreatorViewController.m; path = viewcontrollers/creator/BWCreatorViewController.m; sourceTree = "<group>"; };
		A724A56A1C9D665A00FEEABC /* BWUserSocheckCell.xib */ = {isa = PBXFileReference; fileEncoding = 4; lastKnownFileType = file.xib; name = BWUserSocheckCell.xib; path = viewcontrollers/usersochecks/BWUserSocheckCell.xib; sourceTree = "<group>"; };
		A724A56C1C9D6EF100FEEABC /* BWChecklist.h */ = {isa = PBXFileReference; fileEncoding = 4; lastKnownFileType = sourcecode.c.h; name = BWChecklist.h; path = models/BWChecklist.h; sourceTree = "<group>"; };
		A724A56D1C9D6EF100FEEABC /* BWChecklist.m */ = {isa = PBXFileReference; fileEncoding = 4; lastKnownFileType = sourcecode.c.objc; name = BWChecklist.m; path = models/BWChecklist.m; sourceTree = "<group>"; };
		A724A5701C9D8EE500FEEABC /* BWResultViewController.h */ = {isa = PBXFileReference; fileEncoding = 4; lastKnownFileType = sourcecode.c.h; name = BWResultViewController.h; path = viewcontrollers/result/BWResultViewController.h; sourceTree = "<group>"; };
		A724A5711C9D8EE500FEEABC /* BWResultViewController.m */ = {isa = PBXFileReference; fileEncoding = 4; lastKnownFileType = sourcecode.c.objc; name = BWResultViewController.m; path = viewcontrollers/result/BWResultViewController.m; sourceTree = "<group>"; };
		A724A5731C9D8EF300FEEABC /* BWResultViewController.storyboard */ = {isa = PBXFileReference; fileEncoding = 4; lastKnownFileType = file.storyboard; name = BWResultViewController.storyboard; path = viewcontrollers/result/BWResultViewController.storyboard; sourceTree = "<group>"; };
		A724A5761C9D9B2300FEEABC /* BWChecklistViewController.h */ = {isa = PBXFileReference; fileEncoding = 4; lastKnownFileType = sourcecode.c.h; name = BWChecklistViewController.h; path = viewcontrollers/checklist/BWChecklistViewController.h; sourceTree = "<group>"; };
		A724A5771C9D9B2300FEEABC /* BWChecklistViewController.m */ = {isa = PBXFileReference; fileEncoding = 4; lastKnownFileType = sourcecode.c.objc; name = BWChecklistViewController.m; path = viewcontrollers/checklist/BWChecklistViewController.m; sourceTree = "<group>"; };
		A724A5791C9D9B4500FEEABC /* BWChecklistViewController.storyboard */ = {isa = PBXFileReference; fileEncoding = 4; lastKnownFileType = file.storyboard; name = BWChecklistViewController.storyboard; path = viewcontrollers/checklist/BWChecklistViewController.storyboard; sourceTree = "<group>"; };
		A77217171C9CD06C00CFB126 /* BWUser.h */ = {isa = PBXFileReference; fileEncoding = 4; lastKnownFileType = sourcecode.c.h; name = BWUser.h; path = models/BWUser.h; sourceTree = "<group>"; };
		A77217181C9CD06C00CFB126 /* BWUser.m */ = {isa = PBXFileReference; fileEncoding = 4; lastKnownFileType = sourcecode.c.objc; name = BWUser.m; path = models/BWUser.m; sourceTree = "<group>"; };
		A772171B1C9CD53400CFB126 /* BWPageViewController.h */ = {isa = PBXFileReference; fileEncoding = 4; lastKnownFileType = sourcecode.c.h; name = BWPageViewController.h; path = viewcontrollers/pageview/BWPageViewController.h; sourceTree = "<group>"; };
		A772171C1C9CD53400CFB126 /* BWPageViewController.m */ = {isa = PBXFileReference; fileEncoding = 4; lastKnownFileType = sourcecode.c.objc; name = BWPageViewController.m; path = viewcontrollers/pageview/BWPageViewController.m; sourceTree = "<group>"; };
		A772171E1C9CD54300CFB126 /* BWPageViewController.storyboard */ = {isa = PBXFileReference; fileEncoding = 4; lastKnownFileType = file.storyboard; name = BWPageViewController.storyboard; path = viewcontrollers/pageview/BWPageViewController.storyboard; sourceTree = "<group>"; };
		A77217211C9CD97400CFB126 /* BWAPIClient.h */ = {isa = PBXFileReference; fileEncoding = 4; lastKnownFileType = sourcecode.c.h; name = BWAPIClient.h; path = api/BWAPIClient.h; sourceTree = "<group>"; };
		A77217221C9CD97400CFB126 /* BWAPIClient.m */ = {isa = PBXFileReference; fileEncoding = 4; lastKnownFileType = sourcecode.c.objc; name = BWAPIClient.m; path = api/BWAPIClient.m; sourceTree = "<group>"; };
		A77217251C9D0A4800CFB126 /* BWUserSochecksViewController.h */ = {isa = PBXFileReference; fileEncoding = 4; lastKnownFileType = sourcecode.c.h; name = BWUserSochecksViewController.h; path = viewcontrollers/usersochecks/BWUserSochecksViewController.h; sourceTree = "<group>"; };
		A77217261C9D0A4800CFB126 /* BWUserSochecksViewController.m */ = {isa = PBXFileReference; fileEncoding = 4; lastKnownFileType = sourcecode.c.objc; name = BWUserSochecksViewController.m; path = viewcontrollers/usersochecks/BWUserSochecksViewController.m; sourceTree = "<group>"; };
		A77217281C9D0A5700CFB126 /* BWUserSochecksViewController.storyboard */ = {isa = PBXFileReference; fileEncoding = 4; lastKnownFileType = file.storyboard; name = BWUserSochecksViewController.storyboard; path = viewcontrollers/usersochecks/BWUserSochecksViewController.storyboard; sourceTree = "<group>"; };
		A772172A1C9D0B8A00CFB126 /* BWUserSocheckCell.h */ = {isa = PBXFileReference; fileEncoding = 4; lastKnownFileType = sourcecode.c.h; name = BWUserSocheckCell.h; path = viewcontrollers/usersochecks/BWUserSocheckCell.h; sourceTree = "<group>"; };
		A772172B1C9D0B8A00CFB126 /* BWUserSocheckCell.m */ = {isa = PBXFileReference; fileEncoding = 4; lastKnownFileType = sourcecode.c.objc; name = BWUserSocheckCell.m; path = viewcontrollers/usersochecks/BWUserSocheckCell.m; sourceTree = "<group>"; };
		A7D3D2411C9CA8020025923E /* socheck.app */ = {isa = PBXFileReference; explicitFileType = wrapper.application; includeInIndex = 0; path = socheck.app; sourceTree = BUILT_PRODUCTS_DIR; };
		A7D3D2451C9CA8020025923E /* main.m */ = {isa = PBXFileReference; lastKnownFileType = sourcecode.c.objc; path = main.m; sourceTree = "<group>"; };
		A7D3D2471C9CA8020025923E /* AppDelegate.h */ = {isa = PBXFileReference; lastKnownFileType = sourcecode.c.h; path = AppDelegate.h; sourceTree = "<group>"; };
		A7D3D2481C9CA8020025923E /* AppDelegate.m */ = {isa = PBXFileReference; lastKnownFileType = sourcecode.c.objc; path = AppDelegate.m; sourceTree = "<group>"; };
		A7D3D2501C9CA8030025923E /* Assets.xcassets */ = {isa = PBXFileReference; lastKnownFileType = folder.assetcatalog; path = Assets.xcassets; sourceTree = "<group>"; };
		A7D3D2531C9CA8030025923E /* Base */ = {isa = PBXFileReference; lastKnownFileType = file.storyboard; name = Base; path = Base.lproj/LaunchScreen.storyboard; sourceTree = "<group>"; };
		A7D3D2551C9CA8030025923E /* Info.plist */ = {isa = PBXFileReference; lastKnownFileType = text.plist.xml; path = Info.plist; sourceTree = "<group>"; };
		A7D3D25C1C9CA9290025923E /* BWLoginViewController.h */ = {isa = PBXFileReference; fileEncoding = 4; lastKnownFileType = sourcecode.c.h; name = BWLoginViewController.h; path = viewcontrollers/login/BWLoginViewController.h; sourceTree = "<group>"; };
		A7D3D25D1C9CA9290025923E /* BWLoginViewController.m */ = {isa = PBXFileReference; fileEncoding = 4; lastKnownFileType = sourcecode.c.objc; name = BWLoginViewController.m; path = viewcontrollers/login/BWLoginViewController.m; sourceTree = "<group>"; };
		A7D3D25F1C9CA9370025923E /* BWLoginViewController.storyboard */ = {isa = PBXFileReference; fileEncoding = 4; lastKnownFileType = file.storyboard; name = BWLoginViewController.storyboard; path = viewcontrollers/login/BWLoginViewController.storyboard; sourceTree = "<group>"; };
		A7D3D2621C9CAEF90025923E /* UIColor+BWSocheckColors.h */ = {isa = PBXFileReference; fileEncoding = 4; lastKnownFileType = sourcecode.c.h; name = "UIColor+BWSocheckColors.h"; path = "utils/UIColor+BWSocheckColors.h"; sourceTree = "<group>"; };
		A7D3D2631C9CAEF90025923E /* UIColor+BWSocheckColors.m */ = {isa = PBXFileReference; fileEncoding = 4; lastKnownFileType = sourcecode.c.objc; name = "UIColor+BWSocheckColors.m"; path = "utils/UIColor+BWSocheckColors.m"; sourceTree = "<group>"; };
		A7D3D2671C9CC2F80025923E /* BWRegisterViewController.h */ = {isa = PBXFileReference; fileEncoding = 4; lastKnownFileType = sourcecode.c.h; name = BWRegisterViewController.h; path = viewcontrollers/register/BWRegisterViewController.h; sourceTree = "<group>"; };
		A7D3D2681C9CC2F80025923E /* BWRegisterViewController.m */ = {isa = PBXFileReference; fileEncoding = 4; lastKnownFileType = sourcecode.c.objc; name = BWRegisterViewController.m; path = viewcontrollers/register/BWRegisterViewController.m; sourceTree = "<group>"; };
		A7D3D26A1C9CC3110025923E /* BWRegisterViewController.storyboard */ = {isa = PBXFileReference; fileEncoding = 4; lastKnownFileType = file.storyboard; name = BWRegisterViewController.storyboard; path = viewcontrollers/register/BWRegisterViewController.storyboard; sourceTree = "<group>"; };
		CD2CAB4A857D79F8499A144D /* Pods-socheck.debug.xcconfig */ = {isa = PBXFileReference; includeInIndex = 1; lastKnownFileType = text.xcconfig; name = "Pods-socheck.debug.xcconfig"; path = "Pods/Target Support Files/Pods-socheck/Pods-socheck.debug.xcconfig"; sourceTree = "<group>"; };
/* End PBXFileReference section */

/* Begin PBXFrameworksBuildPhase section */
		A7D3D23E1C9CA8020025923E /* Frameworks */ = {
			isa = PBXFrameworksBuildPhase;
			buildActionMask = 2147483647;
			files = (
				083D137C1F650214C1E44839 /* Pods_socheck.framework in Frameworks */,
			);
			runOnlyForDeploymentPostprocessing = 0;
		};
/* End PBXFrameworksBuildPhase section */

/* Begin PBXGroup section */
		1DBEF4DE3DF0EFF3EC64D672 /* Pods */ = {
			isa = PBXGroup;
			children = (
				CD2CAB4A857D79F8499A144D /* Pods-socheck.debug.xcconfig */,
				713DF1884D5282CEFA1989E9 /* Pods-socheck.release.xcconfig */,
			);
			name = Pods;
			sourceTree = "<group>";
		};
		5EC7F4C305124C1D4B86AF76 /* Frameworks */ = {
			isa = PBXGroup;
			children = (
				7304A512E9017CCC8EB7A18B /* Pods_socheck.framework */,
			);
			name = Frameworks;
			sourceTree = "<group>";
		};
		A724A5551C9D1C8300FEEABC /* Search */ = {
			isa = PBXGroup;
			children = (
				A724A5561C9D1CB300FEEABC /* BWSearchViewController.h */,
				A724A5571C9D1CB300FEEABC /* BWSearchViewController.m */,
				A724A5591C9D1DC300FEEABC /* BWSearchViewController.storyboard */,
				A724A55B1C9D1FD900FEEABC /* BWSearchCell.h */,
				A724A55C1C9D1FD900FEEABC /* BWSearchCell.m */,
			);
			name = Search;
			sourceTree = "<group>";
		};
		A724A5611C9D479C00FEEABC /* Creator */ = {
			isa = PBXGroup;
			children = (
				A724A5671C9D47F600FEEABC /* BWCreatorViewController.h */,
				A724A5681C9D47F600FEEABC /* BWCreatorViewController.m */,
				A724A5651C9D47DE00FEEABC /* BWCreatorViewController.storyboard */,
			);
			name = Creator;
			sourceTree = "<group>";
		};
		A724A56F1C9D8EA300FEEABC /* SearchResult */ = {
			isa = PBXGroup;
			children = (
				A724A5701C9D8EE500FEEABC /* BWResultViewController.h */,
				A724A5711C9D8EE500FEEABC /* BWResultViewController.m */,
				A724A5731C9D8EF300FEEABC /* BWResultViewController.storyboard */,
			);
			name = SearchResult;
			sourceTree = "<group>";
		};
		A724A5751C9D9B0A00FEEABC /* Checklist */ = {
			isa = PBXGroup;
			children = (
				A724A5761C9D9B2300FEEABC /* BWChecklistViewController.h */,
				A724A5771C9D9B2300FEEABC /* BWChecklistViewController.m */,
				A724A5791C9D9B4500FEEABC /* BWChecklistViewController.storyboard */,
			);
			name = Checklist;
			sourceTree = "<group>";
		};
		A77217161C9CD05400CFB126 /* Models */ = {
			isa = PBXGroup;
			children = (
				A77217171C9CD06C00CFB126 /* BWUser.h */,
				A77217181C9CD06C00CFB126 /* BWUser.m */,
				A724A56C1C9D6EF100FEEABC /* BWChecklist.h */,
				A724A56D1C9D6EF100FEEABC /* BWChecklist.m */,
			);
			name = Models;
			sourceTree = "<group>";
		};
		A772171A1C9CD51500CFB126 /* PageView */ = {
			isa = PBXGroup;
			children = (
				A772171B1C9CD53400CFB126 /* BWPageViewController.h */,
				A772171C1C9CD53400CFB126 /* BWPageViewController.m */,
				A772171E1C9CD54300CFB126 /* BWPageViewController.storyboard */,
			);
			name = PageView;
			sourceTree = "<group>";
		};
		A77217201C9CD95700CFB126 /* API */ = {
			isa = PBXGroup;
			children = (
				A77217211C9CD97400CFB126 /* BWAPIClient.h */,
				A77217221C9CD97400CFB126 /* BWAPIClient.m */,
			);
			name = API;
			sourceTree = "<group>";
		};
		A77217241C9D09E400CFB126 /* UserSochecks */ = {
			isa = PBXGroup;
			children = (
				A77217251C9D0A4800CFB126 /* BWUserSochecksViewController.h */,
				A77217261C9D0A4800CFB126 /* BWUserSochecksViewController.m */,
				A77217281C9D0A5700CFB126 /* BWUserSochecksViewController.storyboard */,
				A772172A1C9D0B8A00CFB126 /* BWUserSocheckCell.h */,
				A772172B1C9D0B8A00CFB126 /* BWUserSocheckCell.m */,
				A724A56A1C9D665A00FEEABC /* BWUserSocheckCell.xib */,
			);
			name = UserSochecks;
			sourceTree = "<group>";
		};
		A7D3D2381C9CA8020025923E = {
			isa = PBXGroup;
			children = (
				A7D3D2431C9CA8020025923E /* socheck */,
				A7D3D2421C9CA8020025923E /* Products */,
				1DBEF4DE3DF0EFF3EC64D672 /* Pods */,
				5EC7F4C305124C1D4B86AF76 /* Frameworks */,
			);
			sourceTree = "<group>";
		};
		A7D3D2421C9CA8020025923E /* Products */ = {
			isa = PBXGroup;
			children = (
				A7D3D2411C9CA8020025923E /* socheck.app */,
			);
			name = Products;
			sourceTree = "<group>";
		};
		A7D3D2431C9CA8020025923E /* socheck */ = {
			isa = PBXGroup;
			children = (
				A724A55E1C9D296100FEEABC /* EVLogger.h */,
				A724A55F1C9D296100FEEABC /* EVLogger.m */,
				A7D3D2471C9CA8020025923E /* AppDelegate.h */,
				A7D3D2481C9CA8020025923E /* AppDelegate.m */,
				A77217201C9CD95700CFB126 /* API */,
				A77217161C9CD05400CFB126 /* Models */,
				A7D3D2611C9CAEBE0025923E /* Utils */,
				A7D3D2651C9CC2D40025923E /* ViewControllers */,
				A7D3D2501C9CA8030025923E /* Assets.xcassets */,
				A7D3D2521C9CA8030025923E /* LaunchScreen.storyboard */,
				A7D3D2551C9CA8030025923E /* Info.plist */,
				A7D3D2441C9CA8020025923E /* Supporting Files */,
			);
			path = socheck;
			sourceTree = "<group>";
		};
		A7D3D2441C9CA8020025923E /* Supporting Files */ = {
			isa = PBXGroup;
			children = (
				A7D3D2451C9CA8020025923E /* main.m */,
			);
			name = "Supporting Files";
			sourceTree = "<group>";
		};
		A7D3D25B1C9CA9050025923E /* Login */ = {
			isa = PBXGroup;
			children = (
				A7D3D25C1C9CA9290025923E /* BWLoginViewController.h */,
				A7D3D25D1C9CA9290025923E /* BWLoginViewController.m */,
				A7D3D25F1C9CA9370025923E /* BWLoginViewController.storyboard */,
			);
			name = Login;
			sourceTree = "<group>";
		};
		A7D3D2611C9CAEBE0025923E /* Utils */ = {
			isa = PBXGroup;
			children = (
				A7D3D2621C9CAEF90025923E /* UIColor+BWSocheckColors.h */,
				A7D3D2631C9CAEF90025923E /* UIColor+BWSocheckColors.m */,
			);
			name = Utils;
			sourceTree = "<group>";
		};
		A7D3D2651C9CC2D40025923E /* ViewControllers */ = {
			isa = PBXGroup;
			children = (
				A724A5751C9D9B0A00FEEABC /* Checklist */,
				A724A56F1C9D8EA300FEEABC /* SearchResult */,
				A724A5611C9D479C00FEEABC /* Creator */,
				A724A5551C9D1C8300FEEABC /* Search */,
				A77217241C9D09E400CFB126 /* UserSochecks */,
				A772171A1C9CD51500CFB126 /* PageView */,
				A7D3D2661C9CC2E10025923E /* Register */,
				A7D3D25B1C9CA9050025923E /* Login */,
			);
			name = ViewControllers;
			sourceTree = "<group>";
		};
		A7D3D2661C9CC2E10025923E /* Register */ = {
			isa = PBXGroup;
			children = (
				A7D3D2671C9CC2F80025923E /* BWRegisterViewController.h */,
				A7D3D2681C9CC2F80025923E /* BWRegisterViewController.m */,
				A7D3D26A1C9CC3110025923E /* BWRegisterViewController.storyboard */,
			);
			name = Register;
			sourceTree = "<group>";
		};
/* End PBXGroup section */

/* Begin PBXNativeTarget section */
		A7D3D2401C9CA8020025923E /* socheck */ = {
			isa = PBXNativeTarget;
			buildConfigurationList = A7D3D2581C9CA8030025923E /* Build configuration list for PBXNativeTarget "socheck" */;
			buildPhases = (
				32D304AE1F36B9A96EE39A40 /* Check Pods Manifest.lock */,
				A7D3D23D1C9CA8020025923E /* Sources */,
				A7D3D23E1C9CA8020025923E /* Frameworks */,
				A7D3D23F1C9CA8020025923E /* Resources */,
				6B9007F8B63AAD2CB88D0737 /* Embed Pods Frameworks */,
				AA7A577C39E41CEB3F2EC99F /* Copy Pods Resources */,
			);
			buildRules = (
			);
			dependencies = (
			);
			name = socheck;
			productName = socheck;
			productReference = A7D3D2411C9CA8020025923E /* socheck.app */;
			productType = "com.apple.product-type.application";
		};
/* End PBXNativeTarget section */

/* Begin PBXProject section */
		A7D3D2391C9CA8020025923E /* Project object */ = {
			isa = PBXProject;
			attributes = {
				CLASSPREFIX = BW;
				LastUpgradeCheck = 0720;
				ORGANIZATIONNAME = "Bartłomiej Wojdan";
				TargetAttributes = {
					A7D3D2401C9CA8020025923E = {
						CreatedOnToolsVersion = 7.2.1;
					};
				};
			};
			buildConfigurationList = A7D3D23C1C9CA8020025923E /* Build configuration list for PBXProject "Socheck" */;
			compatibilityVersion = "Xcode 3.2";
			developmentRegion = English;
			hasScannedForEncodings = 0;
			knownRegions = (
				en,
				Base,
			);
			mainGroup = A7D3D2381C9CA8020025923E;
			productRefGroup = A7D3D2421C9CA8020025923E /* Products */;
			projectDirPath = "";
			projectRoot = "";
			targets = (
				A7D3D2401C9CA8020025923E /* socheck */,
			);
		};
/* End PBXProject section */

/* Begin PBXResourcesBuildPhase section */
		A7D3D23F1C9CA8020025923E /* Resources */ = {
			isa = PBXResourcesBuildPhase;
			buildActionMask = 2147483647;
			files = (
				A724A57A1C9D9B4500FEEABC /* BWChecklistViewController.storyboard in Resources */,
				A724A56B1C9D665A00FEEABC /* BWUserSocheckCell.xib in Resources */,
				A7D3D2541C9CA8030025923E /* LaunchScreen.storyboard in Resources */,
				A7D3D2601C9CA9370025923E /* BWLoginViewController.storyboard in Resources */,
				A724A55A1C9D1DC300FEEABC /* BWSearchViewController.storyboard in Resources */,
				A7D3D2511C9CA8030025923E /* Assets.xcassets in Resources */,
				A7D3D26B1C9CC3110025923E /* BWRegisterViewController.storyboard in Resources */,
				A724A5661C9D47DE00FEEABC /* BWCreatorViewController.storyboard in Resources */,
				A77217291C9D0A5700CFB126 /* BWUserSochecksViewController.storyboard in Resources */,
				A772171F1C9CD54300CFB126 /* BWPageViewController.storyboard in Resources */,
				A724A5741C9D8EF300FEEABC /* BWResultViewController.storyboard in Resources */,
			);
			runOnlyForDeploymentPostprocessing = 0;
		};
/* End PBXResourcesBuildPhase section */

/* Begin PBXShellScriptBuildPhase section */
		32D304AE1F36B9A96EE39A40 /* Check Pods Manifest.lock */ = {
			isa = PBXShellScriptBuildPhase;
			buildActionMask = 2147483647;
			files = (
			);
			inputPaths = (
			);
			name = "Check Pods Manifest.lock";
			outputPaths = (
			);
			runOnlyForDeploymentPostprocessing = 0;
			shellPath = /bin/sh;
			shellScript = "diff \"${PODS_ROOT}/../Podfile.lock\" \"${PODS_ROOT}/Manifest.lock\" > /dev/null\nif [[ $? != 0 ]] ; then\n    cat << EOM\nerror: The sandbox is not in sync with the Podfile.lock. Run 'pod install' or update your CocoaPods installation.\nEOM\n    exit 1\nfi\n";
			showEnvVarsInLog = 0;
		};
		6B9007F8B63AAD2CB88D0737 /* Embed Pods Frameworks */ = {
			isa = PBXShellScriptBuildPhase;
			buildActionMask = 2147483647;
			files = (
			);
			inputPaths = (
			);
			name = "Embed Pods Frameworks";
			outputPaths = (
			);
			runOnlyForDeploymentPostprocessing = 0;
			shellPath = /bin/sh;
			shellScript = "\"${SRCROOT}/Pods/Target Support Files/Pods-socheck/Pods-socheck-frameworks.sh\"\n";
			showEnvVarsInLog = 0;
		};
		AA7A577C39E41CEB3F2EC99F /* Copy Pods Resources */ = {
			isa = PBXShellScriptBuildPhase;
			buildActionMask = 2147483647;
			files = (
			);
			inputPaths = (
			);
			name = "Copy Pods Resources";
			outputPaths = (
			);
			runOnlyForDeploymentPostprocessing = 0;
			shellPath = /bin/sh;
			shellScript = "\"${SRCROOT}/Pods/Target Support Files/Pods-socheck/Pods-socheck-resources.sh\"\n";
			showEnvVarsInLog = 0;
		};
/* End PBXShellScriptBuildPhase section */

/* Begin PBXSourcesBuildPhase section */
		A7D3D23D1C9CA8020025923E /* Sources */ = {
			isa = PBXSourcesBuildPhase;
			buildActionMask = 2147483647;
			files = (
				A724A5581C9D1CB300FEEABC /* BWSearchViewController.m in Sources */,
				A7D3D2491C9CA8020025923E /* AppDelegate.m in Sources */,
				A724A56E1C9D6EF100FEEABC /* BWChecklist.m in Sources */,
				A772171D1C9CD53400CFB126 /* BWPageViewController.m in Sources */,
				A77217231C9CD97400CFB126 /* BWAPIClient.m in Sources */,
				A77217191C9CD06C00CFB126 /* BWUser.m in Sources */,
				A724A5691C9D47F600FEEABC /* BWCreatorViewController.m in Sources */,
				A724A5601C9D296100FEEABC /* EVLogger.m in Sources */,
				A724A5781C9D9B2300FEEABC /* BWChecklistViewController.m in Sources */,
				A772172C1C9D0B8A00CFB126 /* BWUserSocheckCell.m in Sources */,
				A7D3D2461C9CA8020025923E /* main.m in Sources */,
				A724A5721C9D8EE500FEEABC /* BWResultViewController.m in Sources */,
				A7D3D25E1C9CA9290025923E /* BWLoginViewController.m in Sources */,
				A724A55D1C9D1FD900FEEABC /* BWSearchCell.m in Sources */,
				A77217271C9D0A4800CFB126 /* BWUserSochecksViewController.m in Sources */,
				A7D3D2641C9CAEF90025923E /* UIColor+BWSocheckColors.m in Sources */,
				A7D3D2691C9CC2F80025923E /* BWRegisterViewController.m in Sources */,
			);
			runOnlyForDeploymentPostprocessing = 0;
		};
/* End PBXSourcesBuildPhase section */

/* Begin PBXVariantGroup section */
		A7D3D2521C9CA8030025923E /* LaunchScreen.storyboard */ = {
			isa = PBXVariantGroup;
			children = (
				A7D3D2531C9CA8030025923E /* Base */,
			);
			name = LaunchScreen.storyboard;
			sourceTree = "<group>";
		};
/* End PBXVariantGroup section */

/* Begin XCBuildConfiguration section */
		A7D3D2561C9CA8030025923E /* Debug */ = {
			isa = XCBuildConfiguration;
			buildSettings = {
				ALWAYS_SEARCH_USER_PATHS = NO;
				CLANG_CXX_LANGUAGE_STANDARD = "gnu++0x";
				CLANG_CXX_LIBRARY = "libc++";
				CLANG_ENABLE_MODULES = YES;
				CLANG_ENABLE_OBJC_ARC = YES;
				CLANG_WARN_BOOL_CONVERSION = YES;
				CLANG_WARN_CONSTANT_CONVERSION = YES;
				CLANG_WARN_DIRECT_OBJC_ISA_USAGE = YES_ERROR;
				CLANG_WARN_EMPTY_BODY = YES;
				CLANG_WARN_ENUM_CONVERSION = YES;
				CLANG_WARN_INT_CONVERSION = YES;
				CLANG_WARN_OBJC_ROOT_CLASS = YES_ERROR;
				CLANG_WARN_UNREACHABLE_CODE = YES;
				CLANG_WARN__DUPLICATE_METHOD_MATCH = YES;
				"CODE_SIGN_IDENTITY[sdk=iphoneos*]" = "iPhone Developer";
				COPY_PHASE_STRIP = NO;
				DEBUG_INFORMATION_FORMAT = dwarf;
				ENABLE_STRICT_OBJC_MSGSEND = YES;
				ENABLE_TESTABILITY = YES;
				GCC_C_LANGUAGE_STANDARD = gnu99;
				GCC_DYNAMIC_NO_PIC = NO;
				GCC_NO_COMMON_BLOCKS = YES;
				GCC_OPTIMIZATION_LEVEL = 0;
				GCC_PREPROCESSOR_DEFINITIONS = (
					"DEBUG=1",
					"$(inherited)",
				);
				GCC_WARN_64_TO_32_BIT_CONVERSION = YES;
				GCC_WARN_ABOUT_RETURN_TYPE = YES_ERROR;
				GCC_WARN_UNDECLARED_SELECTOR = YES;
				GCC_WARN_UNINITIALIZED_AUTOS = YES_AGGRESSIVE;
				GCC_WARN_UNUSED_FUNCTION = YES;
				GCC_WARN_UNUSED_VARIABLE = YES;
				IPHONEOS_DEPLOYMENT_TARGET = 8.1;
				MTL_ENABLE_DEBUG_INFO = YES;
				ONLY_ACTIVE_ARCH = YES;
				SDKROOT = iphoneos;
			};
			name = Debug;
		};
		A7D3D2571C9CA8030025923E /* Release */ = {
			isa = XCBuildConfiguration;
			buildSettings = {
				ALWAYS_SEARCH_USER_PATHS = NO;
				CLANG_CXX_LANGUAGE_STANDARD = "gnu++0x";
				CLANG_CXX_LIBRARY = "libc++";
				CLANG_ENABLE_MODULES = YES;
				CLANG_ENABLE_OBJC_ARC = YES;
				CLANG_WARN_BOOL_CONVERSION = YES;
				CLANG_WARN_CONSTANT_CONVERSION = YES;
				CLANG_WARN_DIRECT_OBJC_ISA_USAGE = YES_ERROR;
				CLANG_WARN_EMPTY_BODY = YES;
				CLANG_WARN_ENUM_CONVERSION = YES;
				CLANG_WARN_INT_CONVERSION = YES;
				CLANG_WARN_OBJC_ROOT_CLASS = YES_ERROR;
				CLANG_WARN_UNREACHABLE_CODE = YES;
				CLANG_WARN__DUPLICATE_METHOD_MATCH = YES;
				"CODE_SIGN_IDENTITY[sdk=iphoneos*]" = "iPhone Developer";
				COPY_PHASE_STRIP = NO;
				DEBUG_INFORMATION_FORMAT = "dwarf-with-dsym";
				ENABLE_NS_ASSERTIONS = NO;
				ENABLE_STRICT_OBJC_MSGSEND = YES;
				GCC_C_LANGUAGE_STANDARD = gnu99;
				GCC_NO_COMMON_BLOCKS = YES;
				GCC_WARN_64_TO_32_BIT_CONVERSION = YES;
				GCC_WARN_ABOUT_RETURN_TYPE = YES_ERROR;
				GCC_WARN_UNDECLARED_SELECTOR = YES;
				GCC_WARN_UNINITIALIZED_AUTOS = YES_AGGRESSIVE;
				GCC_WARN_UNUSED_FUNCTION = YES;
				GCC_WARN_UNUSED_VARIABLE = YES;
				IPHONEOS_DEPLOYMENT_TARGET = 8.1;
				MTL_ENABLE_DEBUG_INFO = NO;
				SDKROOT = iphoneos;
				VALIDATE_PRODUCT = YES;
			};
			name = Release;
		};
		A7D3D2591C9CA8030025923E /* Debug */ = {
			isa = XCBuildConfiguration;
			baseConfigurationReference = CD2CAB4A857D79F8499A144D /* Pods-socheck.debug.xcconfig */;
			buildSettings = {
				ASSETCATALOG_COMPILER_APPICON_NAME = AppIcon;
				INFOPLIST_FILE = socheck/Info.plist;
				LD_RUNPATH_SEARCH_PATHS = "$(inherited) @executable_path/Frameworks";
				PRODUCT_BUNDLE_IDENTIFIER = com.wojdan.socheck;
				PRODUCT_NAME = "$(TARGET_NAME)";
			};
			name = Debug;
		};
		A7D3D25A1C9CA8030025923E /* Release */ = {
			isa = XCBuildConfiguration;
			baseConfigurationReference = 713DF1884D5282CEFA1989E9 /* Pods-socheck.release.xcconfig */;
			buildSettings = {
				ASSETCATALOG_COMPILER_APPICON_NAME = AppIcon;
				INFOPLIST_FILE = socheck/Info.plist;
				LD_RUNPATH_SEARCH_PATHS = "$(inherited) @executable_path/Frameworks";
				PRODUCT_BUNDLE_IDENTIFIER = com.wojdan.socheck;
				PRODUCT_NAME = "$(TARGET_NAME)";
			};
			name = Release;
		};
/* End XCBuildConfiguration section */

/* Begin XCConfigurationList section */
		A7D3D23C1C9CA8020025923E /* Build configuration list for PBXProject "Socheck" */ = {
			isa = XCConfigurationList;
			buildConfigurations = (
				A7D3D2561C9CA8030025923E /* Debug */,
				A7D3D2571C9CA8030025923E /* Release */,
			);
			defaultConfigurationIsVisible = 0;
			defaultConfigurationName = Release;
		};
		A7D3D2581C9CA8030025923E /* Build configuration list for PBXNativeTarget "socheck" */ = {
			isa = XCConfigurationList;
			buildConfigurations = (
				A7D3D2591C9CA8030025923E /* Debug */,
				A7D3D25A1C9CA8030025923E /* Release */,
			);
			defaultConfigurationIsVisible = 0;
			defaultConfigurationName = Release;
		};
/* End XCConfigurationList section */
	};
	rootObject = A7D3D2391C9CA8020025923E /* Project object */;
}
